
Microsoft Visual Studio Solution File, Format Version 12.00
# Visual Studio Version 17
VisualStudioVersion = 17.6.33829.357
MinimumVisualStudioVersion = 10.0.40219.1
Project("{FAE04EC0-301F-11D3-BF4B-00C04F79EFBC}") = "Magic_API", "Magic_API\Magic_API.csproj", "{EBA5F54A-6754-4E15-8618-B0DFBB8E4B8C}"
EndProject
Global
	GlobalSection(SolutionConfigurationPlatforms) = preSolution
		Debug|Any CPU = Debug|Any CPU
		Release|Any CPU = Release|Any CPU
	EndGlobalSection
	GlobalSection(ProjectConfigurationPlatforms) = postSolution
		{EBA5F54A-6754-4E15-8618-B0DFBB8E4B8C}.Debug|Any CPU.ActiveCfg = Debug|Any CPU
		{EBA5F54A-6754-4E15-8618-B0DFBB8E4B8C}.Debug|Any CPU.Build.0 = Debug|Any CPU
		{EBA5F54A-6754-4E15-8618-B0DFBB8E4B8C}.Release|Any CPU.ActiveCfg = Release|Any CPU
		{EBA5F54A-6754-4E15-8618-B0DFBB8E4B8C}.Release|Any CPU.Build.0 = Release|Any CPU
	EndGlobalSection
	GlobalSection(SolutionProperties) = preSolution
		HideSolutionNode = FALSE
	EndGlobalSection
	GlobalSection(ExtensibilityGlobals) = postSolution
		SolutionGuid = {FC02DDF7-0B57-4143-843E-AEDB7ECF2B8F}
	EndGlobalSection
EndGlobal
